PODS:
  - R.swift (5.0.3):
    - R.swift.Library (~> 5.0.0)
  - R.swift.Library (5.0.1)
  - RxCocoa (5.0.0):
    - RxRelay (~> 5)
    - RxSwift (~> 5)
  - RxRelay (5.0.0):
    - RxSwift (~> 5)
  - RxSwift (5.0.0)
  - SnapKit (5.0.0)

DEPENDENCIES:
  - R.swift
  - RxCocoa (= 5.0.0)
  - RxSwift (= 5.0.0)
  - SnapKit (= 5.0.0)

SPEC REPOS:
  https://github.com/CocoaPods/Specs.git:
    - R.swift
    - R.swift.Library
    - RxCocoa
    - RxRelay
    - RxSwift
    - SnapKit

SPEC CHECKSUMS:
  R.swift: f5a87643b91ea569d23d6afb3eee9c743edde239
  R.swift.Library: cfe85d569d9bae6cb262922db130e7c3a7a5fad1
  RxCocoa: fcf32050ac00d801f34a7f71d5e8e7f23026dcd8
  RxRelay: 4f7409406a51a55cd88483f21ed898c234d60f18
  RxSwift: 8b0671caa829a763bbce7271095859121cbd895f
  SnapKit: fd22d10eb9aff484d79a8724eab922c1ddf89bcf

PODFILE CHECKSUM: 4751cae3c671911eae483baea3145bf5d65f4224

COCOAPODS: 1.8.4
